{
  "name": "revolt",
  "version": "1.0.0",
  "lockfileVersion": 3,
  "requires": true,
  "packages": {
    "": {
      "name": "revolt",
      "version": "1.0.0",
      "license": "MIT",
      "dependencies": {
        "csstype": "^3.2.3",
        "revolt-api": "^0.8.5-1",
        "revolt.js": "^7.2.0",
        "seroval": "^1.5.0",
        "seroval-plugins": "^1.5.0",
        "solid-js": "^1.9.11",
        "ulid": "^2.4.0"
      },
      "devDependencies": {}
    },
    "node_modules/@solid-primitives/map": {
      "version": "0.7.2",
      "resolved": "https://registry.npmjs.org/@solid-primitives/map/-/map-0.7.2.tgz",
      "integrity": "sha512-sXK/rS68B4oq3XXNyLrzVhLtT1pnimmMUahd2FqhtYUuyQsCfnW058ptO1s+lWc2k8F/3zQSNVkZ2ifJjlcNbQ==",
      "license": "MIT",
      "dependencies": {
        "@solid-primitives/trigger": "^1.2.2"
      },
      "peerDependencies": {
        "solid-js": "^1.6.12"
      }
    },
    "node_modules/@solid-primitives/set": {
      "version": "0.7.2",
      "resolved": "https://registry.npmjs.org/@solid-primitives/set/-/set-0.7.2.tgz",
      "integrity": "sha512-E4UzC1cQtPWicnbK9ulG0G27d8802DFi4OSC6HZm+yyQOVAb0ebkfJq9FKSYpFxE+gb6M2lM6Zh4ulXRna35CA==",
      "license": "MIT",
      "dependencies": {
        "@solid-primitives/trigger": "^1.2.2"
      },
      "peerDependencies": {
        "solid-js": "^1.6.12"
      }
    },
    "node_modules/@solid-primitives/trigger": {
      "version": "1.2.2",
      "resolved": "https://registry.npmjs.org/@solid-primitives/trigger/-/trigger-1.2.2.tgz",
      "integrity": "sha512-IWoptVc0SWYgmpBPpCMehS5b07+tpFcvw15tOQ3QbXedSYn6KP8zCjPkHNzMxcOvOicTneleeZDP7lqmz+PQ6g==",
      "license": "MIT",
      "dependencies": {
        "@solid-primitives/utils": "^6.3.2"
      },
      "peerDependencies": {
        "solid-js": "^1.6.12"
      }
    },
    "node_modules/@solid-primitives/utils": {
      "version": "6.3.2",
      "resolved": "https://registry.npmjs.org/@solid-primitives/utils/-/utils-6.3.2.tgz",
      "integrity": "sha512-hZ/M/qr25QOCcwDPOHtGjxTD8w2mNyVAYvcfgwzBHq2RwNqHNdDNsMZYap20+ruRwW4A3Cdkczyoz0TSxLCAPQ==",
      "license": "MIT",
      "peerDependencies": {
        "solid-js": "^1.6.12"
      }
    },
    "node_modules/@vladfrangu/async_event_emitter": {
      "version": "2.4.7",
      "resolved": "https://registry.npmjs.org/@vladfrangu/async_event_emitter/-/async_event_emitter-2.4.7.tgz",
      "integrity": "sha512-Xfe6rpCTxSxfbswi/W/Pz7zp1WWSNn4A0eW4mLkQUewCrXXtMj31lCg+iQyTkh/CkusZSq9eDflu7tjEDXUY6g==",
      "license": "MIT",
      "engines": {
        "node": ">=v14.0.0",
        "npm": ">=7.0.0"
      }
    },
    "node_modules/csstype": {
      "version": "3.2.3",
      "resolved": "https://registry.npmjs.org/csstype/-/csstype-3.2.3.tgz",
      "integrity": "sha512-z1HGKcYy2xA8AGQfwrn0PAy+PB7X/GSj3UVJW9qKyn43xWa+gl5nXmU4qqLMRzWVLFC8KusUX8T/0kCiOYpAIQ==",
      "license": "MIT"
    },
    "node_modules/revolt-api": {
      "version": "0.8.5-1",
      "resolved": "https://registry.npmjs.org/revolt-api/-/revolt-api-0.8.5-1.tgz",
      "integrity": "sha512-gMxs7X4O686w8fOsLIEmhID+gnjcPc3DuGRx9kxTG+lRouZgcL0eYs/BowcJo73/R6C4u4hedElzctzRj7sNig==",
      "license": "MIT"
    },
    "node_modules/revolt.js": {
      "version": "7.2.0",
      "resolved": "https://registry.npmjs.org/revolt.js/-/revolt.js-7.2.0.tgz",
      "integrity": "sha512-LCPUnsvxlrc2o/e4uLO0wyvlkzhSxNNOS9sttUE1X04sc8wziuhJ9JaXKR/8VztQ7XSGjBAJWFbTfVuYR0/aNA==",
      "license": "MIT",
      "dependencies": {
        "@solid-primitives/map": "^0.7.1",
        "@solid-primitives/set": "^0.7.1",
        "@vladfrangu/async_event_emitter": "^2.4.6",
        "revolt-api": "0.8.5-1",
        "solid-js": "^1.9.6",
        "ulid": "^2.4.0"
      }
    },
    "node_modules/seroval": {
      "version": "1.5.0",
      "resolved": "https://registry.npmjs.org/seroval/-/seroval-1.5.0.tgz",
      "integrity": "sha512-OE4cvmJ1uSPrKorFIH9/w/Qwuvi/IMcGbv5RKgcJ/zjA/IohDLU6SVaxFN9FwajbP7nsX0dQqMDes1whk3y+yw==",
      "license": "MIT",
      "engines": {
        "node": ">=10"
      }
    },
    "node_modules/seroval-plugins": {
      "version": "1.5.0",
      "resolved": "https://registry.npmjs.org/seroval-plugins/-/seroval-plugins-1.5.0.tgz",
      "integrity": "sha512-EAHqADIQondwRZIdeW2I636zgsODzoBDwb3PT/+7TLDWyw1Dy/Xv7iGUIEXXav7usHDE9HVhOU61irI3EnyyHA==",
      "license": "MIT",
      "engines": {
        "node": ">=10"
      },
      "peerDependencies": {
        "seroval": "^1.0"
      }
    },
    "node_modules/solid-js": {
      "version": "1.9.11",
      "resolved": "https://registry.npmjs.org/solid-js/-/solid-js-1.9.11.tgz",
      "integrity": "sha512-WEJtcc5mkh/BnHA6Yrg4whlF8g6QwpmXXRg4P2ztPmcKeHHlH4+djYecBLhSpecZY2RRECXYUwIc/C2r3yzQ4Q==",
      "license": "MIT",
      "dependencies": {
        "csstype": "^3.1.0",
        "seroval": "~1.5.0",
        "seroval-plugins": "~1.5.0"
      }
    },
    "node_modules/ulid": {
      "version": "2.4.0",
      "resolved": "https://registry.npmjs.org/ulid/-/ulid-2.4.0.tgz",
      "integrity": "sha512-fIRiVTJNcSRmXKPZtGzFQv9WRrZ3M9eoptl/teFJvjOzmpU+/K/JH6HZ8deBfb5vMEpicJcLn7JmvdknlMq7Zg==",
      "license": "MIT",
      "bin": {
        "ulid": "bin/cli.js"
      }
    }
  }
}
